// !$*UTF8*$!
{
	archiveVersion = 1;
	classes = {
	};
	objectVersion = 50;
	objects = {

/* Begin PBXBuildFile section */
		87F6572D2147DFCB00B0BC45 /* AppDelegate.swift in Sources */ = {isa = PBXBuildFile; fileRef = 87F6572C2147DFCB00B0BC45 /* AppDelegate.swift */; };
		87F6572F2147DFCB00B0BC45 /* ViewController.swift in Sources */ = {isa = PBXBuildFile; fileRef = 87F6572E2147DFCB00B0BC45 /* ViewController.swift */; };
		87F657322147DFCB00B0BC45 /* Main.storyboard in Resources */ = {isa = PBXBuildFile; fileRef = 87F657302147DFCB00B0BC45 /* Main.storyboard */; };
		87F657352147DFCB00B0BC45 /* ProRevise_GCSE.xcdatamodeld in Sources */ = {isa = PBXBuildFile; fileRef = 87F657332147DFCB00B0BC45 /* ProRevise_GCSE.xcdatamodeld */; };
		87F657372147DFCC00B0BC45 /* Assets.xcassets in Resources */ = {isa = PBXBuildFile; fileRef = 87F657362147DFCC00B0BC45 /* Assets.xcassets */; };
		87F6573A2147DFCC00B0BC45 /* LaunchScreen.storyboard in Resources */ = {isa = PBXBuildFile; fileRef = 87F657382147DFCC00B0BC45 /* LaunchScreen.storyboard */; };
/* End PBXBuildFile section */

/* Begin PBXFileReference section */
		87F657292147DFCB00B0BC45 /* ProRevise:GCSE.app */ = {isa = PBXFileReference; explicitFileType = wrapper.application; includeInIndex = 0; path = "ProRevise:GCSE.app"; sourceTree = BUILT_PRODUCTS_DIR; };
		87F6572C2147DFCB00B0BC45 /* AppDelegate.swift */ = {isa = PBXFileReference; lastKnownFileType = sourcecode.swift; path = AppDelegate.swift; sourceTree = "<group>"; };
		87F6572E2147DFCB00B0BC45 /* ViewController.swift */ = {isa = PBXFileReference; lastKnownFileType = sourcecode.swift; path = ViewController.swift; sourceTree = "<group>"; };
		87F657312147DFCB00B0BC45 /* Base */ = {isa = PBXFileReference; lastKnownFileType = file.storyboard; name = Base; path = Base.lproj/Main.storyboard; sourceTree = "<group>"; };
		87F657342147DFCB00B0BC45 /* ProRevise_GCSE.xcdatamodel */ = {isa = PBXFileReference; lastKnownFileType = wrapper.xcdatamodel; path = ProRevise_GCSE.xcdatamodel; sourceTree = "<group>"; };
		87F657362147DFCC00B0BC45 /* Assets.xcassets */ = {isa = PBXFileReference; lastKnownFileType = folder.assetcatalog; path = Assets.xcassets; sourceTree = "<group>"; };
		87F657392147DFCC00B0BC45 /* Base */ = {isa = PBXFileReference; lastKnownFileType = file.storyboard; name = Base; path = Base.lproj/LaunchScreen.storyboard; sourceTree = "<group>"; };
		87F6573B2147DFCC00B0BC45 /* Info.plist */ = {isa = PBXFileReference; lastKnownFileType = text.plist.xml; path = Info.plist; sourceTree = "<group>"; };
/* End PBXFileReference section */

/* Begin PBXFrameworksBuildPhase section */
		87F657262147DFCB00B0BC45 /* Frameworks */ = {
			isa = PBXFrameworksBuildPhase;
			buildActionMask = 2147483647;
			files = (
			);
			runOnlyForDeploymentPostprocessing = 0;
		};
/* End PBXFrameworksBuildPhase section */

/* Begin PBXGroup section */
		87F657202147DFCB00B0BC45 = {
			isa = PBXGroup;
			children = (
				87F6572B2147DFCB00B0BC45 /* ProRevise:GCSE */,
				87F6572A2147DFCB00B0BC45 /* Products */,
			);
			sourceTree = "<group>";
		};
		87F6572A2147DFCB00B0BC45 /* Products */ = {
			isa = PBXGroup;
			children = (
				87F657292147DFCB00B0BC45 /* ProRevise:GCSE.app */,
			);
			name = Products;
			sourceTree = "<group>";
		};
		87F6572B2147DFCB00B0BC45 /* ProRevise:GCSE */ = {
			isa = PBXGroup;
			children = (
				87F6572C2147DFCB00B0BC45 /* AppDelegate.swift */,
				87F6572E2147DFCB00B0BC45 /* ViewController.swift */,
				87F657302147DFCB00B0BC45 /* Main.storyboard */,
				87F657362147DFCC00B0BC45 /* Assets.xcassets */,
				87F657382147DFCC00B0BC45 /* LaunchScreen.storyboard */,
				87F6573B2147DFCC00B0BC45 /* Info.plist */,
				87F657332147DFCB00B0BC45 /* ProRevise_GCSE.xcdatamodeld */,
			);
			path = "ProRevise:GCSE";
			sourceTree = "<group>";
		};
/* End PBXGroup section */

/* Begin PBXNativeTarget section */
		87F657282147DFCB00B0BC45 /* ProRevise:GCSE */ = {
			isa = PBXNativeTarget;
			buildConfigurationList = 87F6573E2147DFCC00B0BC45 /* Build configuration list for PBXNativeTarget "ProRevise:GCSE" */;
			buildPhases = (
				87F657252147DFCB00B0BC45 /* Sources */,
				87F657262147DFCB00B0BC45 /* Frameworks */,
				87F657272147DFCB00B0BC45 /* Resources */,
			);
			buildRules = (
			);
			dependencies = (
			);
			name = "ProRevise:GCSE";
			productName = "ProRevise:GCSE";
			productReference = 87F657292147DFCB00B0BC45 /* ProRevise:GCSE.app */;
			productType = "com.apple.product-type.application";
		};
/* End PBXNativeTarget section */

/* Begin PBXProject section */
		87F657212147DFCB00B0BC45 /* Project object */ = {
			isa = PBXProject;
			attributes = {
				LastSwiftUpdateCheck = 0940;
				LastUpgradeCheck = 0940;
				ORGANIZATIONNAME = Nebultek;
				TargetAttributes = {
					87F657282147DFCB00B0BC45 = {
						CreatedOnToolsVersion = 9.4.1;
					};
				};
			};
			buildConfigurationList = 87F657242147DFCB00B0BC45 /* Build configuration list for PBXProject "ProRevise:GCSE" */;
			compatibilityVersion = "Xcode 9.3";
			developmentRegion = en;
			hasScannedForEncodings = 0;
			knownRegions = (
				en,
				Base,
			);
			mainGroup = 87F657202147DFCB00B0BC45;
			productRefGroup = 87F6572A2147DFCB00B0BC45 /* Products */;
			projectDirPath = "";
			projectRoot = "";
			targets = (
				87F657282147DFCB00B0BC45 /* ProRevise:GCSE */,
			);
		};
/* End PBXProject section */

/* Begin PBXResourcesBuildPhase section */
		87F657272147DFCB00B0BC45 /* Resources */ = {
			isa = PBXResourcesBuildPhase;
			buildActionMask = 2147483647;
			files = (
				87F6573A2147DFCC00B0BC45 /* LaunchScreen.storyboard in Resources */,
				87F657372147DFCC00B0BC45 /* Assets.xcassets in Resources */,
				87F657322147DFCB00B0BC45 /* Main.storyboard in Resources */,
			);
			runOnlyForDeploymentPostprocessing = 0;
		};
/* End PBXResourcesBuildPhase section */

/* Begin PBXSourcesBuildPhase section */
		87F657252147DFCB00B0BC45 /* Sources */ = {
			isa = PBXSourcesBuildPhase;
			buildActionMask = 2147483647;
			files = (
				87F6572F2147DFCB00B0BC45 /* ViewController.swift in Sources */,
				87F657352147DFCB00B0BC45 /* ProRevise_GCSE.xcdatamodeld in Sources */,
				87F6572D2147DFCB00B0BC45 /* AppDelegate.swift in Sources */,
			);
			runOnlyForDeploymentPostprocessing = 0;
		};
/* End PBXSourcesBuildPhase section */

/* Begin PBXVariantGroup section */
		87F657302147DFCB00B0BC45 /* Main.storyboard */ = {
			isa = PBXVariantGroup;
			children = (
				87F657312147DFCB00B0BC45 /* Base */,
			);
			name = Main.storyboard;
			sourceTree = "<group>";
		};
		87F657382147DFCC00B0BC45 /* LaunchScreen.storyboard */ = {
			isa = PBXVariantGroup;
			children = (
				87F657392147DFCC00B0BC45 /* Base */,
			);
			name = LaunchScreen.storyboard;
			sourceTree = "<group>";
		};
/* End PBXVariantGroup section */

/* Begin XCBuildConfiguration section */
		87F6573C2147DFCC00B0BC45 /* Debug */ = {
			isa = XCBuildConfiguration;
			buildSettings = {
				ALWAYS_SEARCH_USER_PATHS = NO;
				CLANG_ANALYZER_NONNULL = YES;
				CLANG_ANALYZER_NUMBER_OBJECT_CONVERSION = YES_AGGRESSIVE;
				CLANG_CXX_LANGUAGE_STANDARD = "gnu++14";
				CLANG_CXX_LIBRARY = "libc++";
				CLANG_ENABLE_MODULES = YES;
				CLANG_ENABLE_OBJC_ARC = YES;
				CLANG_ENABLE_OBJC_WEAK = YES;
				CLANG_WARN_BLOCK_CAPTURE_AUTORELEASING = YES;
				CLANG_WARN_BOOL_CONVERSION = YES;
				CLANG_WARN_COMMA = YES;
				CLANG_WARN_CONSTANT_CONVERSION = YES;
				CLANG_WARN_DEPRECATED_OBJC_IMPLEMENTATIONS = YES;
				CLANG_WARN_DIRECT_OBJC_ISA_USAGE = YES_ERROR;
				CLANG_WARN_DOCUMENTATION_COMMENTS = YES;
				CLANG_WARN_EMPTY_BODY = YES;
				CLANG_WARN_ENUM_CONVERSION = YES;
				CLANG_WARN_INFINITE_RECURSION = YES;
				CLANG_WARN_INT_CONVERSION = YES;
				CLANG_WARN_NON_LITERAL_NULL_CONVERSION = YES;
				CLANG_WARN_OBJC_IMPLICIT_RETAIN_SELF = YES;
				CLANG_WARN_OBJC_LITERAL_CONVERSION = YES;
				CLANG_WARN_OBJC_ROOT_CLASS = YES_ERROR;
				CLANG_WARN_RANGE_LOOP_ANALYSIS = YES;
				CLANG_WARN_STRICT_PROTOTYPES = YES;
				CLANG_WARN_SUSPICIOUS_MOVE = YES;
				CLANG_WARN_UNGUARDED_AVAILABILITY = YES_AGGRESSIVE;
				CLANG_WARN_UNREACHABLE_CODE = YES;
				CLANG_WARN__DUPLICATE_METHOD_MATCH = YES;
				CODE_SIGN_IDENTITY = "iPhone Developer";
				COPY_PHASE_STRIP = NO;
				DEBUG_INFORMATION_FORMAT = dwarf;
				ENABLE_STRICT_OBJC_MSGSEND = YES;
				ENABLE_TESTABILITY = YES;
				GCC_C_LANGUAGE_STANDARD = gnu11;
				GCC_DYNAMIC_NO_PIC = NO;
				GCC_NO_COMMON_BLOCKS = YES;
				GCC_OPTIMIZATION_LEVEL = 0;
				GCC_PREPROCESSOR_DEFINITIONS = (
					"DEBUG=1",
					"$(inherited)",
				);
				GCC_WARN_64_TO_32_BIT_CONVERSION = YES;
				GCC_WARN_ABOUT_RETURN_TYPE = YES_ERROR;
				GCC_WARN_UNDECLARED_SELECTOR = YES;
				GCC_WARN_UNINITIALIZED_AUTOS = YES_AGGRESSIVE;
				GCC_WARN_UNUSED_FUNCTION = YES;
				GCC_WARN_UNUSED_VARIABLE = YES;
				IPHONEOS_DEPLOYMENT_TARGET = 11.4;
				MTL_ENABLE_DEBUG_INFO = YES;
				ONLY_ACTIVE_ARCH = YES;
				SDKROOT = iphoneos;
				SWIFT_ACTIVE_COMPILATION_CONDITIONS = DEBUG;
				SWIFT_OPTIMIZATION_LEVEL = "-Onone";
			};
			name = Debug;
		};
		87F6573D2147DFCC00B0BC45 /* Release */ = {
			isa = XCBuildConfiguration;
			buildSettings = {
				ALWAYS_SEARCH_USER_PATHS = NO;
				CLANG_ANALYZER_NONNULL = YES;
				CLANG_ANALYZER_NUMBER_OBJECT_CONVERSION = YES_AGGRESSIVE;
				CLANG_CXX_LANGUAGE_STANDARD = "gnu++14";
				CLANG_CXX_LIBRARY = "libc++";
				CLANG_ENABLE_MODULES = YES;
				CLANG_ENABLE_OBJC_ARC = YES;
				CLANG_ENABLE_OBJC_WEAK = YES;
				CLANG_WARN_BLOCK_CAPTURE_AUTORELEASING = YES;
				CLANG_WARN_BOOL_CONVERSION = YES;
				CLANG_WARN_COMMA = YES;
				CLANG_WARN_CONSTANT_CONVERSION = YES;
				CLANG_WARN_DEPRECATED_OBJC_IMPLEMENTATIONS = YES;
				CLANG_WARN_DIRECT_OBJC_ISA_USAGE = YES_ERROR;
				CLANG_WARN_DOCUMENTATION_COMMENTS = YES;
				CLANG_WARN_EMPTY_BODY = YES;
				CLANG_WARN_ENUM_CONVERSION = YES;
				CLANG_WARN_INFINITE_RECURSION = YES;
				CLANG_WARN_INT_CONVERSION = YES;
				CLANG_WARN_NON_LITERAL_NULL_CONVERSION = YES;
				CLANG_WARN_OBJC_IMPLICIT_RETAIN_SELF = YES;
				CLANG_WARN_OBJC_LITERAL_CONVERSION = YES;
				CLANG_WARN_OBJC_ROOT_CLASS = YES_ERROR;
				CLANG_WARN_RANGE_LOOP_ANALYSIS = YES;
				CLANG_WARN_STRICT_PROTOTYPES = YES;
				CLANG_WARN_SUSPICIOUS_MOVE = YES;
				CLANG_WARN_UNGUARDED_AVAILABILITY = YES_AGGRESSIVE;
				CLANG_WARN_UNREACHABLE_CODE = YES;
				CLANG_WARN__DUPLICATE_METHOD_MATCH = YES;
				CODE_SIGN_IDENTITY = "iPhone Developer";
				COPY_PHASE_STRIP = NO;
				DEBUG_INFORMATION_FORMAT = "dwarf-with-dsym";
				ENABLE_NS_ASSERTIONS = NO;
				ENABLE_STRICT_OBJC_MSGSEND = YES;
				GCC_C_LANGUAGE_STANDARD = gnu11;
				GCC_NO_COMMON_BLOCKS = YES;
				GCC_WARN_64_TO_32_BIT_CONVERSION = YES;
				GCC_WARN_ABOUT_RETURN_TYPE = YES_ERROR;
				GCC_WARN_UNDECLARED_SELECTOR = YES;
				GCC_WARN_UNINITIALIZED_AUTOS = YES_AGGRESSIVE;
				GCC_WARN_UNUSED_FUNCTION = YES;
				GCC_WARN_UNUSED_VARIABLE = YES;
				IPHONEOS_DEPLOYMENT_TARGET = 11.4;
				MTL_ENABLE_DEBUG_INFO = NO;
				SDKROOT = iphoneos;
				SWIFT_COMPILATION_MODE = wholemodule;
				SWIFT_OPTIMIZATION_LEVEL = "-O";
				VALIDATE_PRODUCT = YES;
			};
			name = Release;
		};
		87F6573F2147DFCC00B0BC45 /* Debug */ = {
			isa = XCBuildConfiguration;
			buildSettings = {
				ASSETCATALOG_COMPILER_APPICON_NAME = AppIcon;
				CODE_SIGN_STYLE = Automatic;
				DEVELOPMENT_TEAM = VMLASLU96D;
				INFOPLIST_FILE = "ProRevise:GCSE/Info.plist";
				LD_RUNPATH_SEARCH_PATHS = (
					"$(inherited)",
					"@executable_path/Frameworks",
				);
				PRODUCT_BUNDLE_IDENTIFIER = "com.Nebultek.ProRevise-GCSE";
				PRODUCT_NAME = "$(TARGET_NAME)";
				SWIFT_VERSION = 4.0;
				TARGETED_DEVICE_FAMILY = "1,2";
			};
			name = Debug;
		};
		87F657402147DFCC00B0BC45 /* Release */ = {
			isa = XCBuildConfiguration;
			buildSettings = {
				ASSETCATALOG_COMPILER_APPICON_NAME = AppIcon;
				CODE_SIGN_STYLE = Automatic;
				DEVELOPMENT_TEAM = VMLASLU96D;
				INFOPLIST_FILE = "ProRevise:GCSE/Info.plist";
				LD_RUNPATH_SEARCH_PATHS = (
					"$(inherited)",
					"@executable_path/Frameworks",
				);
				PRODUCT_BUNDLE_IDENTIFIER = "com.Nebultek.ProRevise-GCSE";
				PRODUCT_NAME = "$(TARGET_NAME)";
				SWIFT_VERSION = 4.0;
				TARGETED_DEVICE_FAMILY = "1,2";
			};
			name = Release;
		};
/* End XCBuildConfiguration section */

/* Begin XCConfigurationList section */
		87F657242147DFCB00B0BC45 /* Build configuration list for PBXProject "ProRevise:GCSE" */ = {
			isa = XCConfigurationList;
			buildConfigurations = (
				87F6573C2147DFCC00B0BC45 /* Debug */,
				87F6573D2147DFCC00B0BC45 /* Release */,
			);
			defaultConfigurationIsVisible = 0;
			defaultConfigurationName = Release;
		};
		87F6573E2147DFCC00B0BC45 /* Build configuration list for PBXNativeTarget "ProRevise:GCSE" */ = {
			isa = XCConfigurationList;
			buildConfigurations = (
				87F6573F2147DFCC00B0BC45 /* Debug */,
				87F657402147DFCC00B0BC45 /* Release */,
			);
			defaultConfigurationIsVisible = 0;
			defaultConfigurationName = Release;
		};
/* End XCConfigurationList section */

/* Begin XCVersionGroup section */
		87F657332147DFCB00B0BC45 /* ProRevise_GCSE.xcdatamodeld */ = {
			isa = XCVersionGroup;
			children = (
				87F657342147DFCB00B0BC45 /* ProRevise_GCSE.xcdatamodel */,
			);
			currentVersion = 87F657342147DFCB00B0BC45 /* ProRevise_GCSE.xcdatamodel */;
			path = ProRevise_GCSE.xcdatamodeld;
			sourceTree = "<group>";
			versionGroupType = wrapper.xcdatamodel;
		};
/* End XCVersionGroup section */
	};
	rootObject = 87F657212147DFCB00B0BC45 /* Project object */;
}
